
Microsoft Visual Studio Solution File, Format Version 12.00
# Visual Studio Version 17
VisualStudioVersion = 17.3.32922.545
MinimumVisualStudioVersion = 10.0.40219.1
Project("{FAE04EC0-301F-11D3-BF4B-00C04F79EFBC}") = "assign_oop_4", "assign_oop_4.csproj", "{18A2EA67-7CDA-46DE-B82C-F3AFABEC22EC}"
EndProject
Global
	GlobalSection(SolutionConfigurationPlatforms) = preSolution
		Debug|Any CPU = Debug|Any CPU
		Release|Any CPU = Release|Any CPU
	EndGlobalSection
	GlobalSection(ProjectConfigurationPlatforms) = postSolution
		{18A2EA67-7CDA-46DE-B82C-F3AFABEC22EC}.Debug|Any CPU.ActiveCfg = Debug|Any CPU
		{18A2EA67-7CDA-46DE-B82C-F3AFABEC22EC}.Debug|Any CPU.Build.0 = Debug|Any CPU
		{18A2EA67-7CDA-46DE-B82C-F3AFABEC22EC}.Release|Any CPU.ActiveCfg = Release|Any CPU
		{18A2EA67-7CDA-46DE-B82C-F3AFABEC22EC}.Release|Any CPU.Build.0 = Release|Any CPU
	EndGlobalSection
	GlobalSection(SolutionProperties) = preSolution
		HideSolutionNode = FALSE
	EndGlobalSection
	GlobalSection(ExtensibilityGlobals) = postSolution
		SolutionGuid = {80698C8D-AEF1-461B-AD3B-DE9B19994A0A}
	EndGlobalSection
EndGlobal
